
Microsoft Visual Studio Solution File, Format Version 12.00
# Visual Studio Version 16
VisualStudioVersion = 16.0.30413.136
MinimumVisualStudioVersion = 10.0.40219.1
Project("{9A19103F-16F7-4668-BE54-9A1E7A4F7556}") = "ChangeCalculatorCore", "ChangeCalculatorCore\ChangeCalculatorCore.csproj", "{7A6065D7-2F2E-44CB-8882-DF847F34AB9B}"
EndProject
Project("{9A19103F-16F7-4668-BE54-9A1E7A4F7556}") = "ChangeCalculatorCoreTests", "ChangeCalculatorCoreTests\ChangeCalculatorCoreTests.csproj", "{65B398FD-BFD6-4B0B-A323-C594E80FB987}"
EndProject
Global
	GlobalSection(SolutionConfigurationPlatforms) = preSolution
		Debug|Any CPU = Debug|Any CPU
		Release|Any CPU = Release|Any CPU
	EndGlobalSection
	GlobalSection(ProjectConfigurationPlatforms) = postSolution
		{7A6065D7-2F2E-44CB-8882-DF847F34AB9B}.Debug|Any CPU.ActiveCfg = Debug|Any CPU
		{7A6065D7-2F2E-44CB-8882-DF847F34AB9B}.Debug|Any CPU.Build.0 = Debug|Any CPU
		{7A6065D7-2F2E-44CB-8882-DF847F34AB9B}.Release|Any CPU.ActiveCfg = Release|Any CPU
		{7A6065D7-2F2E-44CB-8882-DF847F34AB9B}.Release|Any CPU.Build.0 = Release|Any CPU
		{65B398FD-BFD6-4B0B-A323-C594E80FB987}.Debug|Any CPU.ActiveCfg = Debug|Any CPU
		{65B398FD-BFD6-4B0B-A323-C594E80FB987}.Debug|Any CPU.Build.0 = Debug|Any CPU
		{65B398FD-BFD6-4B0B-A323-C594E80FB987}.Release|Any CPU.ActiveCfg = Release|Any CPU
		{65B398FD-BFD6-4B0B-A323-C594E80FB987}.Release|Any CPU.Build.0 = Release|Any CPU
	EndGlobalSection
	GlobalSection(SolutionProperties) = preSolution
		HideSolutionNode = FALSE
	EndGlobalSection
	GlobalSection(ExtensibilityGlobals) = postSolution
		SolutionGuid = {B24CAF9D-EAC4-494E-A3E9-81F90779FF38}
	EndGlobalSection
EndGlobal
